
Microsoft Visual Studio Solution File, Format Version 12.00
# Visual Studio 15
VisualStudioVersion = 15.0.28307.271
MinimumVisualStudioVersion = 10.0.40219.1
Project("{FAE04EC0-301F-11D3-BF4B-00C04F79EFBC}") = "Store", "Store\Store.csproj", "{67850B6D-1084-4A33-9D75-40FB60B994E5}"
EndProject
Global
	GlobalSection(SolutionConfigurationPlatforms) = preSolution
		Debug|Any CPU = Debug|Any CPU
		Release|Any CPU = Release|Any CPU
	EndGlobalSection
	GlobalSection(ProjectConfigurationPlatforms) = postSolution
		{67850B6D-1084-4A33-9D75-40FB60B994E5}.Debug|Any CPU.ActiveCfg = Debug|Any CPU
		{67850B6D-1084-4A33-9D75-40FB60B994E5}.Debug|Any CPU.Build.0 = Debug|Any CPU
		{67850B6D-1084-4A33-9D75-40FB60B994E5}.Release|Any CPU.ActiveCfg = Release|Any CPU
		{67850B6D-1084-4A33-9D75-40FB60B994E5}.Release|Any CPU.Build.0 = Release|Any CPU
	EndGlobalSection
	GlobalSection(SolutionProperties) = preSolution
		HideSolutionNode = FALSE
	EndGlobalSection
	GlobalSection(ExtensibilityGlobals) = postSolution
		SolutionGuid = {56476C44-43BF-42A8-BB06-E070C426DF93}
	EndGlobalSection
EndGlobal
